
Microsoft Visual Studio Solution File, Format Version 12.00
# Visual Studio Version 17
VisualStudioVersion = 17.6.33815.320
MinimumVisualStudioVersion = 10.0.40219.1
Project("{FAE04EC0-301F-11D3-BF4B-00C04F79EFBC}") = "DepaysementRetailApplication", "DepaysementRetailApplication\DepaysementRetailApplication.csproj", "{EA402F47-D0DB-4B6A-A86D-46CB85799B03}"
EndProject
Project("{FAE04EC0-301F-11D3-BF4B-00C04F79EFBC}") = "DepaysementRetailApplication.Business", "DepaysementRetailApplication.Business\DepaysementRetailApplication.Business.csproj", "{6BEC5981-95A6-4ADC-B506-39EBBBA4CAC6}"
EndProject
Project("{FAE04EC0-301F-11D3-BF4B-00C04F79EFBC}") = "DepaysementRetailApplication.Domain", "DepaysementRetailApplication.Domain\DepaysementRetailApplication.Domain.csproj", "{ED1E4411-EF63-4617-8E7D-4D0CA908B222}"
EndProject
Project("{FAE04EC0-301F-11D3-BF4B-00C04F79EFBC}") = "DepaysementRetailApplication.Infrastructure", "DepaysementRetailApplication.Infrastructure\DepaysementRetailApplication.Infrastructure.csproj", "{5C064A7D-F269-45CA-8F1E-7BB67F46FAEA}"
EndProject
Global
	GlobalSection(SolutionConfigurationPlatforms) = preSolution
		Debug|Any CPU = Debug|Any CPU
		Release|Any CPU = Release|Any CPU
	EndGlobalSection
	GlobalSection(ProjectConfigurationPlatforms) = postSolution
		{EA402F47-D0DB-4B6A-A86D-46CB85799B03}.Debug|Any CPU.ActiveCfg = Debug|Any CPU
		{EA402F47-D0DB-4B6A-A86D-46CB85799B03}.Debug|Any CPU.Build.0 = Debug|Any CPU
		{EA402F47-D0DB-4B6A-A86D-46CB85799B03}.Release|Any CPU.ActiveCfg = Release|Any CPU
		{EA402F47-D0DB-4B6A-A86D-46CB85799B03}.Release|Any CPU.Build.0 = Release|Any CPU
		{6BEC5981-95A6-4ADC-B506-39EBBBA4CAC6}.Debug|Any CPU.ActiveCfg = Debug|Any CPU
		{6BEC5981-95A6-4ADC-B506-39EBBBA4CAC6}.Debug|Any CPU.Build.0 = Debug|Any CPU
		{6BEC5981-95A6-4ADC-B506-39EBBBA4CAC6}.Release|Any CPU.ActiveCfg = Release|Any CPU
		{6BEC5981-95A6-4ADC-B506-39EBBBA4CAC6}.Release|Any CPU.Build.0 = Release|Any CPU
		{ED1E4411-EF63-4617-8E7D-4D0CA908B222}.Debug|Any CPU.ActiveCfg = Debug|Any CPU
		{ED1E4411-EF63-4617-8E7D-4D0CA908B222}.Debug|Any CPU.Build.0 = Debug|Any CPU
		{ED1E4411-EF63-4617-8E7D-4D0CA908B222}.Release|Any CPU.ActiveCfg = Release|Any CPU
		{ED1E4411-EF63-4617-8E7D-4D0CA908B222}.Release|Any CPU.Build.0 = Release|Any CPU
		{5C064A7D-F269-45CA-8F1E-7BB67F46FAEA}.Debug|Any CPU.ActiveCfg = Debug|Any CPU
		{5C064A7D-F269-45CA-8F1E-7BB67F46FAEA}.Debug|Any CPU.Build.0 = Debug|Any CPU
		{5C064A7D-F269-45CA-8F1E-7BB67F46FAEA}.Release|Any CPU.ActiveCfg = Release|Any CPU
		{5C064A7D-F269-45CA-8F1E-7BB67F46FAEA}.Release|Any CPU.Build.0 = Release|Any CPU
	EndGlobalSection
	GlobalSection(SolutionProperties) = preSolution
		HideSolutionNode = FALSE
	EndGlobalSection
	GlobalSection(ExtensibilityGlobals) = postSolution
		SolutionGuid = {62D016D6-AD9C-4BFC-9FC2-D63ACCC29B8C}
	EndGlobalSection
EndGlobal
